// !$*UTF8*$!
{
	archiveVersion = 1;
	classes = {
	};
	objectVersion = 56;
	objects = {

/* Begin PBXBuildFile section */
		15673FD32A7A44A000CA3EC0 /* AppDelegate.swift in Sources */ = {isa = PBXBuildFile; fileRef = 15673FD22A7A44A000CA3EC0 /* AppDelegate.swift */; };
		15673FD52A7A44A000CA3EC0 /* SceneDelegate.swift in Sources */ = {isa = PBXBuildFile; fileRef = 15673FD42A7A44A000CA3EC0 /* SceneDelegate.swift */; };
		15673FD72A7A44A000CA3EC0 /* ViewController.swift in Sources */ = {isa = PBXBuildFile; fileRef = 15673FD62A7A44A000CA3EC0 /* ViewController.swift */; };
		15673FDC2A7A44A100CA3EC0 /* Assets.xcassets in Resources */ = {isa = PBXBuildFile; fileRef = 15673FDB2A7A44A100CA3EC0 /* Assets.xcassets */; };
		15673FDF2A7A44A100CA3EC0 /* LaunchScreen.storyboard in Resources */ = {isa = PBXBuildFile; fileRef = 15673FDD2A7A44A100CA3EC0 /* LaunchScreen.storyboard */; };
		15673FEA2A7A4C3600CA3EC0 /* KinopoiskApiKey.swift in Sources */ = {isa = PBXBuildFile; fileRef = 15673FE92A7A4C3600CA3EC0 /* KinopoiskApiKey.swift */; };
		15673FEC2A7A4C7600CA3EC0 /* NetworkRequest.swift in Sources */ = {isa = PBXBuildFile; fileRef = 15673FEB2A7A4C7600CA3EC0 /* NetworkRequest.swift */; };
		15673FF02A7AACDB00CA3EC0 /* AnimatedGradient.swift in Sources */ = {isa = PBXBuildFile; fileRef = 15673FEF2A7AACDB00CA3EC0 /* AnimatedGradient.swift */; };
		15673FF32A7BA97F00CA3EC0 /* MovieItemCell.swift in Sources */ = {isa = PBXBuildFile; fileRef = 15673FF22A7BA97F00CA3EC0 /* MovieItemCell.swift */; };
		15673FF52A7BAC5600CA3EC0 /* ForUIStackView .swift in Sources */ = {isa = PBXBuildFile; fileRef = 15673FF42A7BAC5600CA3EC0 /* ForUIStackView .swift */; };
		15673FFB2A7BE04D00CA3EC0 /* MovieCellModel.swift in Sources */ = {isa = PBXBuildFile; fileRef = 15673FFA2A7BE04D00CA3EC0 /* MovieCellModel.swift */; };
		15673FFD2A7BFC5100CA3EC0 /* NetworkDataFetch.swift in Sources */ = {isa = PBXBuildFile; fileRef = 15673FFC2A7BFC5100CA3EC0 /* NetworkDataFetch.swift */; };
		156740012A7D324E00CA3EC0 /* CustomHeader.swift in Sources */ = {isa = PBXBuildFile; fileRef = 156740002A7D324E00CA3EC0 /* CustomHeader.swift */; };
		156740032A80F9F100CA3EC0 /* DetailMovieViewController.swift in Sources */ = {isa = PBXBuildFile; fileRef = 156740022A80F9F100CA3EC0 /* DetailMovieViewController.swift */; };
		156740052A811DD400CA3EC0 /* MovieModel.swift in Sources */ = {isa = PBXBuildFile; fileRef = 156740042A811DD400CA3EC0 /* MovieModel.swift */; };
/* End PBXBuildFile section */

/* Begin PBXFileReference section */
		15673FCF2A7A44A000CA3EC0 /* Kinobox.app */ = {isa = PBXFileReference; explicitFileType = wrapper.application; includeInIndex = 0; path = Kinobox.app; sourceTree = BUILT_PRODUCTS_DIR; };
		15673FD22A7A44A000CA3EC0 /* AppDelegate.swift */ = {isa = PBXFileReference; lastKnownFileType = sourcecode.swift; path = AppDelegate.swift; sourceTree = "<group>"; };
		15673FD42A7A44A000CA3EC0 /* SceneDelegate.swift */ = {isa = PBXFileReference; lastKnownFileType = sourcecode.swift; path = SceneDelegate.swift; sourceTree = "<group>"; };
		15673FD62A7A44A000CA3EC0 /* ViewController.swift */ = {isa = PBXFileReference; lastKnownFileType = sourcecode.swift; path = ViewController.swift; sourceTree = "<group>"; };
		15673FDB2A7A44A100CA3EC0 /* Assets.xcassets */ = {isa = PBXFileReference; lastKnownFileType = folder.assetcatalog; path = Assets.xcassets; sourceTree = "<group>"; };
		15673FDE2A7A44A100CA3EC0 /* Base */ = {isa = PBXFileReference; lastKnownFileType = file.storyboard; name = Base; path = Base.lproj/LaunchScreen.storyboard; sourceTree = "<group>"; };
		15673FE02A7A44A100CA3EC0 /* Info.plist */ = {isa = PBXFileReference; lastKnownFileType = text.plist.xml; path = Info.plist; sourceTree = "<group>"; };
		15673FE92A7A4C3600CA3EC0 /* KinopoiskApiKey.swift */ = {isa = PBXFileReference; lastKnownFileType = sourcecode.swift; path = KinopoiskApiKey.swift; sourceTree = "<group>"; };
		15673FEB2A7A4C7600CA3EC0 /* NetworkRequest.swift */ = {isa = PBXFileReference; lastKnownFileType = sourcecode.swift; path = NetworkRequest.swift; sourceTree = "<group>"; };
		15673FEF2A7AACDB00CA3EC0 /* AnimatedGradient.swift */ = {isa = PBXFileReference; lastKnownFileType = sourcecode.swift; path = AnimatedGradient.swift; sourceTree = "<group>"; };
		15673FF22A7BA97F00CA3EC0 /* MovieItemCell.swift */ = {isa = PBXFileReference; lastKnownFileType = sourcecode.swift; path = MovieItemCell.swift; sourceTree = "<group>"; };
		15673FF42A7BAC5600CA3EC0 /* ForUIStackView .swift */ = {isa = PBXFileReference; lastKnownFileType = sourcecode.swift; path = "ForUIStackView .swift"; sourceTree = "<group>"; };
		15673FFA2A7BE04D00CA3EC0 /* MovieCellModel.swift */ = {isa = PBXFileReference; lastKnownFileType = sourcecode.swift; path = MovieCellModel.swift; sourceTree = "<group>"; };
		15673FFC2A7BFC5100CA3EC0 /* NetworkDataFetch.swift */ = {isa = PBXFileReference; lastKnownFileType = sourcecode.swift; path = NetworkDataFetch.swift; sourceTree = "<group>"; };
		156740002A7D324E00CA3EC0 /* CustomHeader.swift */ = {isa = PBXFileReference; lastKnownFileType = sourcecode.swift; path = CustomHeader.swift; sourceTree = "<group>"; };
		156740022A80F9F100CA3EC0 /* DetailMovieViewController.swift */ = {isa = PBXFileReference; lastKnownFileType = sourcecode.swift; path = DetailMovieViewController.swift; sourceTree = "<group>"; };
		156740042A811DD400CA3EC0 /* MovieModel.swift */ = {isa = PBXFileReference; lastKnownFileType = sourcecode.swift; path = MovieModel.swift; sourceTree = "<group>"; };
/* End PBXFileReference section */

/* Begin PBXFrameworksBuildPhase section */
		15673FCC2A7A44A000CA3EC0 /* Frameworks */ = {
			isa = PBXFrameworksBuildPhase;
			buildActionMask = 2147483647;
			files = (
			);
			runOnlyForDeploymentPostprocessing = 0;
		};
/* End PBXFrameworksBuildPhase section */

/* Begin PBXGroup section */
		15673FC62A7A44A000CA3EC0 = {
			isa = PBXGroup;
			children = (
				15673FD12A7A44A000CA3EC0 /* Kinobox */,
				15673FD02A7A44A000CA3EC0 /* Products */,
			);
			sourceTree = "<group>";
		};
		15673FD02A7A44A000CA3EC0 /* Products */ = {
			isa = PBXGroup;
			children = (
				15673FCF2A7A44A000CA3EC0 /* Kinobox.app */,
			);
			name = Products;
			sourceTree = "<group>";
		};
		15673FD12A7A44A000CA3EC0 /* Kinobox */ = {
			isa = PBXGroup;
			children = (
				15673FE62A7A46FB00CA3EC0 /* Applications */,
				15673FE82A7A49EC00CA3EC0 /* VC */,
				15673FED2A7A4ED400CA3EC0 /* Models */,
				15673FF12A7BA92E00CA3EC0 /* Cells */,
				15673FEE2A7AACBA00CA3EC0 /* Extensions */,
				15673FE72A7A49DE00CA3EC0 /* Network */,
				15673FDB2A7A44A100CA3EC0 /* Assets.xcassets */,
				15673FDD2A7A44A100CA3EC0 /* LaunchScreen.storyboard */,
				15673FE02A7A44A100CA3EC0 /* Info.plist */,
			);
			path = Kinobox;
			sourceTree = "<group>";
		};
		15673FE62A7A46FB00CA3EC0 /* Applications */ = {
			isa = PBXGroup;
			children = (
				15673FD22A7A44A000CA3EC0 /* AppDelegate.swift */,
				15673FD42A7A44A000CA3EC0 /* SceneDelegate.swift */,
			);
			path = Applications;
			sourceTree = "<group>";
		};
		15673FE72A7A49DE00CA3EC0 /* Network */ = {
			isa = PBXGroup;
			children = (
				15673FE92A7A4C3600CA3EC0 /* KinopoiskApiKey.swift */,
				15673FEB2A7A4C7600CA3EC0 /* NetworkRequest.swift */,
				15673FFC2A7BFC5100CA3EC0 /* NetworkDataFetch.swift */,
			);
			path = Network;
			sourceTree = "<group>";
		};
		15673FE82A7A49EC00CA3EC0 /* VC */ = {
			isa = PBXGroup;
			children = (
				15673FD62A7A44A000CA3EC0 /* ViewController.swift */,
				156740022A80F9F100CA3EC0 /* DetailMovieViewController.swift */,
			);
			path = VC;
			sourceTree = "<group>";
		};
		15673FED2A7A4ED400CA3EC0 /* Models */ = {
			isa = PBXGroup;
			children = (
				15673FFA2A7BE04D00CA3EC0 /* MovieCellModel.swift */,
				156740042A811DD400CA3EC0 /* MovieModel.swift */,
			);
			path = Models;
			sourceTree = "<group>";
		};
		15673FEE2A7AACBA00CA3EC0 /* Extensions */ = {
			isa = PBXGroup;
			children = (
				15673FEF2A7AACDB00CA3EC0 /* AnimatedGradient.swift */,
				15673FF42A7BAC5600CA3EC0 /* ForUIStackView .swift */,
				156740002A7D324E00CA3EC0 /* CustomHeader.swift */,
			);
			path = Extensions;
			sourceTree = "<group>";
		};
		15673FF12A7BA92E00CA3EC0 /* Cells */ = {
			isa = PBXGroup;
			children = (
				15673FF22A7BA97F00CA3EC0 /* MovieItemCell.swift */,
			);
			path = Cells;
			sourceTree = "<group>";
		};
/* End PBXGroup section */

/* Begin PBXNativeTarget section */
		15673FCE2A7A44A000CA3EC0 /* Kinobox */ = {
			isa = PBXNativeTarget;
			buildConfigurationList = 15673FE32A7A44A100CA3EC0 /* Build configuration list for PBXNativeTarget "Kinobox" */;
			buildPhases = (
				15673FCB2A7A44A000CA3EC0 /* Sources */,
				15673FCC2A7A44A000CA3EC0 /* Frameworks */,
				15673FCD2A7A44A000CA3EC0 /* Resources */,
			);
			buildRules = (
			);
			dependencies = (
			);
			name = Kinobox;
			packageProductDependencies = (
			);
			productName = Kinobox;
			productReference = 15673FCF2A7A44A000CA3EC0 /* Kinobox.app */;
			productType = "com.apple.product-type.application";
		};
/* End PBXNativeTarget section */

/* Begin PBXProject section */
		15673FC72A7A44A000CA3EC0 /* Project object */ = {
			isa = PBXProject;
			attributes = {
				BuildIndependentTargetsInParallel = 1;
				LastSwiftUpdateCheck = 1430;
				LastUpgradeCheck = 1430;
				TargetAttributes = {
					15673FCE2A7A44A000CA3EC0 = {
						CreatedOnToolsVersion = 14.3.1;
					};
				};
			};
			buildConfigurationList = 15673FCA2A7A44A000CA3EC0 /* Build configuration list for PBXProject "Kinobox" */;
			compatibilityVersion = "Xcode 14.0";
			developmentRegion = en;
			hasScannedForEncodings = 0;
			knownRegions = (
				en,
				Base,
			);
			mainGroup = 15673FC62A7A44A000CA3EC0;
			packageReferences = (
			);
			productRefGroup = 15673FD02A7A44A000CA3EC0 /* Products */;
			projectDirPath = "";
			projectRoot = "";
			targets = (
				15673FCE2A7A44A000CA3EC0 /* Kinobox */,
			);
		};
/* End PBXProject section */

/* Begin PBXResourcesBuildPhase section */
		15673FCD2A7A44A000CA3EC0 /* Resources */ = {
			isa = PBXResourcesBuildPhase;
			buildActionMask = 2147483647;
			files = (
				15673FDF2A7A44A100CA3EC0 /* LaunchScreen.storyboard in Resources */,
				15673FDC2A7A44A100CA3EC0 /* Assets.xcassets in Resources */,
			);
			runOnlyForDeploymentPostprocessing = 0;
		};
/* End PBXResourcesBuildPhase section */

/* Begin PBXSourcesBuildPhase section */
		15673FCB2A7A44A000CA3EC0 /* Sources */ = {
			isa = PBXSourcesBuildPhase;
			buildActionMask = 2147483647;
			files = (
				156740012A7D324E00CA3EC0 /* CustomHeader.swift in Sources */,
				15673FF02A7AACDB00CA3EC0 /* AnimatedGradient.swift in Sources */,
				15673FD72A7A44A000CA3EC0 /* ViewController.swift in Sources */,
				15673FFB2A7BE04D00CA3EC0 /* MovieCellModel.swift in Sources */,
				156740032A80F9F100CA3EC0 /* DetailMovieViewController.swift in Sources */,
				15673FD32A7A44A000CA3EC0 /* AppDelegate.swift in Sources */,
				156740052A811DD400CA3EC0 /* MovieModel.swift in Sources */,
				15673FEA2A7A4C3600CA3EC0 /* KinopoiskApiKey.swift in Sources */,
				15673FD52A7A44A000CA3EC0 /* SceneDelegate.swift in Sources */,
				15673FF32A7BA97F00CA3EC0 /* MovieItemCell.swift in Sources */,
				15673FF52A7BAC5600CA3EC0 /* ForUIStackView .swift in Sources */,
				15673FEC2A7A4C7600CA3EC0 /* NetworkRequest.swift in Sources */,
				15673FFD2A7BFC5100CA3EC0 /* NetworkDataFetch.swift in Sources */,
			);
			runOnlyForDeploymentPostprocessing = 0;
		};
/* End PBXSourcesBuildPhase section */

/* Begin PBXVariantGroup section */
		15673FDD2A7A44A100CA3EC0 /* LaunchScreen.storyboard */ = {
			isa = PBXVariantGroup;
			children = (
				15673FDE2A7A44A100CA3EC0 /* Base */,
			);
			name = LaunchScreen.storyboard;
			sourceTree = "<group>";
		};
/* End PBXVariantGroup section */

/* Begin XCBuildConfiguration section */
		15673FE12A7A44A100CA3EC0 /* Debug */ = {
			isa = XCBuildConfiguration;
			buildSettings = {
				ALWAYS_SEARCH_USER_PATHS = NO;
				CLANG_ANALYZER_NONNULL = YES;
				CLANG_ANALYZER_NUMBER_OBJECT_CONVERSION = YES_AGGRESSIVE;
				CLANG_CXX_LANGUAGE_STANDARD = "gnu++20";
				CLANG_ENABLE_MODULES = YES;
				CLANG_ENABLE_OBJC_ARC = YES;
				CLANG_ENABLE_OBJC_WEAK = YES;
				CLANG_WARN_BLOCK_CAPTURE_AUTORELEASING = YES;
				CLANG_WARN_BOOL_CONVERSION = YES;
				CLANG_WARN_COMMA = YES;
				CLANG_WARN_CONSTANT_CONVERSION = YES;
				CLANG_WARN_DEPRECATED_OBJC_IMPLEMENTATIONS = YES;
				CLANG_WARN_DIRECT_OBJC_ISA_USAGE = YES_ERROR;
				CLANG_WARN_DOCUMENTATION_COMMENTS = YES;
				CLANG_WARN_EMPTY_BODY = YES;
				CLANG_WARN_ENUM_CONVERSION = YES;
				CLANG_WARN_INFINITE_RECURSION = YES;
				CLANG_WARN_INT_CONVERSION = YES;
				CLANG_WARN_NON_LITERAL_NULL_CONVERSION = YES;
				CLANG_WARN_OBJC_IMPLICIT_RETAIN_SELF = YES;
				CLANG_WARN_OBJC_LITERAL_CONVERSION = YES;
				CLANG_WARN_OBJC_ROOT_CLASS = YES_ERROR;
				CLANG_WARN_QUOTED_INCLUDE_IN_FRAMEWORK_HEADER = YES;
				CLANG_WARN_RANGE_LOOP_ANALYSIS = YES;
				CLANG_WARN_STRICT_PROTOTYPES = YES;
				CLANG_WARN_SUSPICIOUS_MOVE = YES;
				CLANG_WARN_UNGUARDED_AVAILABILITY = YES_AGGRESSIVE;
				CLANG_WARN_UNREACHABLE_CODE = YES;
				CLANG_WARN__DUPLICATE_METHOD_MATCH = YES;
				COPY_PHASE_STRIP = NO;
				DEBUG_INFORMATION_FORMAT = dwarf;
				ENABLE_STRICT_OBJC_MSGSEND = YES;
				ENABLE_TESTABILITY = YES;
				GCC_C_LANGUAGE_STANDARD = gnu11;
				GCC_DYNAMIC_NO_PIC = NO;
				GCC_NO_COMMON_BLOCKS = YES;
				GCC_OPTIMIZATION_LEVEL = 0;
				GCC_PREPROCESSOR_DEFINITIONS = (
					"DEBUG=1",
					"$(inherited)",
				);
				GCC_WARN_64_TO_32_BIT_CONVERSION = YES;
				GCC_WARN_ABOUT_RETURN_TYPE = YES_ERROR;
				GCC_WARN_UNDECLARED_SELECTOR = YES;
				GCC_WARN_UNINITIALIZED_AUTOS = YES_AGGRESSIVE;
				GCC_WARN_UNUSED_FUNCTION = YES;
				GCC_WARN_UNUSED_VARIABLE = YES;
				IPHONEOS_DEPLOYMENT_TARGET = 16.4;
				MTL_ENABLE_DEBUG_INFO = INCLUDE_SOURCE;
				MTL_FAST_MATH = YES;
				ONLY_ACTIVE_ARCH = YES;
				SDKROOT = iphoneos;
				SWIFT_ACTIVE_COMPILATION_CONDITIONS = DEBUG;
				SWIFT_OPTIMIZATION_LEVEL = "-Onone";
			};
			name = Debug;
		};
		15673FE22A7A44A100CA3EC0 /* Release */ = {
			isa = XCBuildConfiguration;
			buildSettings = {
				ALWAYS_SEARCH_USER_PATHS = NO;
				CLANG_ANALYZER_NONNULL = YES;
				CLANG_ANALYZER_NUMBER_OBJECT_CONVERSION = YES_AGGRESSIVE;
				CLANG_CXX_LANGUAGE_STANDARD = "gnu++20";
				CLANG_ENABLE_MODULES = YES;
				CLANG_ENABLE_OBJC_ARC = YES;
				CLANG_ENABLE_OBJC_WEAK = YES;
				CLANG_WARN_BLOCK_CAPTURE_AUTORELEASING = YES;
				CLANG_WARN_BOOL_CONVERSION = YES;
				CLANG_WARN_COMMA = YES;
				CLANG_WARN_CONSTANT_CONVERSION = YES;
				CLANG_WARN_DEPRECATED_OBJC_IMPLEMENTATIONS = YES;
				CLANG_WARN_DIRECT_OBJC_ISA_USAGE = YES_ERROR;
				CLANG_WARN_DOCUMENTATION_COMMENTS = YES;
				CLANG_WARN_EMPTY_BODY = YES;
				CLANG_WARN_ENUM_CONVERSION = YES;
				CLANG_WARN_INFINITE_RECURSION = YES;
				CLANG_WARN_INT_CONVERSION = YES;
				CLANG_WARN_NON_LITERAL_NULL_CONVERSION = YES;
				CLANG_WARN_OBJC_IMPLICIT_RETAIN_SELF = YES;
				CLANG_WARN_OBJC_LITERAL_CONVERSION = YES;
				CLANG_WARN_OBJC_ROOT_CLASS = YES_ERROR;
				CLANG_WARN_QUOTED_INCLUDE_IN_FRAMEWORK_HEADER = YES;
				CLANG_WARN_RANGE_LOOP_ANALYSIS = YES;
				CLANG_WARN_STRICT_PROTOTYPES = YES;
				CLANG_WARN_SUSPICIOUS_MOVE = YES;
				CLANG_WARN_UNGUARDED_AVAILABILITY = YES_AGGRESSIVE;
				CLANG_WARN_UNREACHABLE_CODE = YES;
				CLANG_WARN__DUPLICATE_METHOD_MATCH = YES;
				COPY_PHASE_STRIP = NO;
				DEBUG_INFORMATION_FORMAT = "dwarf-with-dsym";
				ENABLE_NS_ASSERTIONS = NO;
				ENABLE_STRICT_OBJC_MSGSEND = YES;
				GCC_C_LANGUAGE_STANDARD = gnu11;
				GCC_NO_COMMON_BLOCKS = YES;
				GCC_WARN_64_TO_32_BIT_CONVERSION = YES;
				GCC_WARN_ABOUT_RETURN_TYPE = YES_ERROR;
				GCC_WARN_UNDECLARED_SELECTOR = YES;
				GCC_WARN_UNINITIALIZED_AUTOS = YES_AGGRESSIVE;
				GCC_WARN_UNUSED_FUNCTION = YES;
				GCC_WARN_UNUSED_VARIABLE = YES;
				IPHONEOS_DEPLOYMENT_TARGET = 16.4;
				MTL_ENABLE_DEBUG_INFO = NO;
				MTL_FAST_MATH = YES;
				SDKROOT = iphoneos;
				SWIFT_COMPILATION_MODE = wholemodule;
				SWIFT_OPTIMIZATION_LEVEL = "-O";
				VALIDATE_PRODUCT = YES;
			};
			name = Release;
		};
		15673FE42A7A44A100CA3EC0 /* Debug */ = {
			isa = XCBuildConfiguration;
			buildSettings = {
				ASSETCATALOG_COMPILER_APPICON_NAME = AppIcon;
				ASSETCATALOG_COMPILER_GLOBAL_ACCENT_COLOR_NAME = AccentColor;
				CODE_SIGN_STYLE = Automatic;
				CURRENT_PROJECT_VERSION = 1;
				DEVELOPMENT_TEAM = LS4AV8STUJ;
				GENERATE_INFOPLIST_FILE = YES;
				INFOPLIST_FILE = Kinobox/Info.plist;
				INFOPLIST_KEY_UIApplicationSupportsIndirectInputEvents = YES;
				INFOPLIST_KEY_UILaunchStoryboardName = LaunchScreen;
				INFOPLIST_KEY_UIStatusBarStyle = "";
				INFOPLIST_KEY_UISupportedInterfaceOrientations_iPad = "UIInterfaceOrientationPortrait UIInterfaceOrientationPortraitUpsideDown UIInterfaceOrientationLandscapeLeft UIInterfaceOrientationLandscapeRight";
				INFOPLIST_KEY_UISupportedInterfaceOrientations_iPhone = "UIInterfaceOrientationPortrait UIInterfaceOrientationLandscapeLeft UIInterfaceOrientationLandscapeRight";
				LD_RUNPATH_SEARCH_PATHS = (
					"$(inherited)",
					"@executable_path/Frameworks",
				);
				MARKETING_VERSION = 1.0;
				PRODUCT_BUNDLE_IDENTIFIER = "---------------.Kinobox";
				PRODUCT_NAME = "$(TARGET_NAME)";
				SWIFT_EMIT_LOC_STRINGS = YES;
				SWIFT_VERSION = 5.0;
				TARGETED_DEVICE_FAMILY = "1,2";
			};
			name = Debug;
		};
		15673FE52A7A44A100CA3EC0 /* Release */ = {
			isa = XCBuildConfiguration;
			buildSettings = {
				ASSETCATALOG_COMPILER_APPICON_NAME = AppIcon;
				ASSETCATALOG_COMPILER_GLOBAL_ACCENT_COLOR_NAME = AccentColor;
				CODE_SIGN_STYLE = Automatic;
				CURRENT_PROJECT_VERSION = 1;
				DEVELOPMENT_TEAM = LS4AV8STUJ;
				GENERATE_INFOPLIST_FILE = YES;
				INFOPLIST_FILE = Kinobox/Info.plist;
				INFOPLIST_KEY_UIApplicationSupportsIndirectInputEvents = YES;
				INFOPLIST_KEY_UILaunchStoryboardName = LaunchScreen;
				INFOPLIST_KEY_UIStatusBarStyle = "";
				INFOPLIST_KEY_UISupportedInterfaceOrientations_iPad = "UIInterfaceOrientationPortrait UIInterfaceOrientationPortraitUpsideDown UIInterfaceOrientationLandscapeLeft UIInterfaceOrientationLandscapeRight";
				INFOPLIST_KEY_UISupportedInterfaceOrientations_iPhone = "UIInterfaceOrientationPortrait UIInterfaceOrientationLandscapeLeft UIInterfaceOrientationLandscapeRight";
				LD_RUNPATH_SEARCH_PATHS = (
					"$(inherited)",
					"@executable_path/Frameworks",
				);
				MARKETING_VERSION = 1.0;
				PRODUCT_BUNDLE_IDENTIFIER = "---------------.Kinobox";
				PRODUCT_NAME = "$(TARGET_NAME)";
				SWIFT_EMIT_LOC_STRINGS = YES;
				SWIFT_VERSION = 5.0;
				TARGETED_DEVICE_FAMILY = "1,2";
			};
			name = Release;
		};
/* End XCBuildConfiguration section */

/* Begin XCConfigurationList section */
		15673FCA2A7A44A000CA3EC0 /* Build configuration list for PBXProject "Kinobox" */ = {
			isa = XCConfigurationList;
			buildConfigurations = (
				15673FE12A7A44A100CA3EC0 /* Debug */,
				15673FE22A7A44A100CA3EC0 /* Release */,
			);
			defaultConfigurationIsVisible = 0;
			defaultConfigurationName = Release;
		};
		15673FE32A7A44A100CA3EC0 /* Build configuration list for PBXNativeTarget "Kinobox" */ = {
			isa = XCConfigurationList;
			buildConfigurations = (
				15673FE42A7A44A100CA3EC0 /* Debug */,
				15673FE52A7A44A100CA3EC0 /* Release */,
			);
			defaultConfigurationIsVisible = 0;
			defaultConfigurationName = Release;
		};
/* End XCConfigurationList section */
	};
	rootObject = 15673FC72A7A44A000CA3EC0 /* Project object */;
}
